
Microsoft Visual Studio Solution File, Format Version 12.00
# Visual Studio 15
Project("{FAE04EC0-301F-11D3-BF4B-00C04F79EFBC}") = "Terrain and Water Test.Plugins", "Terrain and Water Test.Plugins.csproj", "{C303A720-8554-4E31-DE34-E81CF2A4C013}"
EndProject
Project("{FAE04EC0-301F-11D3-BF4B-00C04F79EFBC}") = "Terrain and Water Test", "Terrain and Water Test.csproj", "{305EA814-59BD-26B3-BD55-72796C44C1D6}"
EndProject
Project("{FAE04EC0-301F-11D3-BF4B-00C04F79EFBC}") = "Terrain and Water Test.Editor.Plugins", "Terrain and Water Test.Editor.Plugins.csproj", "{28704028-F063-2F16-3DC7-846377F98A71}"
EndProject
Global
	GlobalSection(SolutionConfigurationPlatforms) = preSolution
		Debug|Any CPU = Debug|Any CPU
		Release|Any CPU = Release|Any CPU
	EndGlobalSection
	GlobalSection(ProjectConfigurationPlatforms) = postSolution
		{C303A720-8554-4E31-DE34-E81CF2A4C013}.Debug|Any CPU.ActiveCfg = Debug|Any CPU
		{C303A720-8554-4E31-DE34-E81CF2A4C013}.Debug|Any CPU.Build.0 = Debug|Any CPU
		{C303A720-8554-4E31-DE34-E81CF2A4C013}.Release|Any CPU.ActiveCfg = Release|Any CPU
		{C303A720-8554-4E31-DE34-E81CF2A4C013}.Release|Any CPU.Build.0 = Release|Any CPU
		{305EA814-59BD-26B3-BD55-72796C44C1D6}.Debug|Any CPU.ActiveCfg = Debug|Any CPU
		{305EA814-59BD-26B3-BD55-72796C44C1D6}.Debug|Any CPU.Build.0 = Debug|Any CPU
		{305EA814-59BD-26B3-BD55-72796C44C1D6}.Release|Any CPU.ActiveCfg = Release|Any CPU
		{305EA814-59BD-26B3-BD55-72796C44C1D6}.Release|Any CPU.Build.0 = Release|Any CPU
		{28704028-F063-2F16-3DC7-846377F98A71}.Debug|Any CPU.ActiveCfg = Debug|Any CPU
		{28704028-F063-2F16-3DC7-846377F98A71}.Debug|Any CPU.Build.0 = Debug|Any CPU
		{28704028-F063-2F16-3DC7-846377F98A71}.Release|Any CPU.ActiveCfg = Release|Any CPU
		{28704028-F063-2F16-3DC7-846377F98A71}.Release|Any CPU.Build.0 = Release|Any CPU
	EndGlobalSection
	GlobalSection(SolutionProperties) = preSolution
		HideSolutionNode = FALSE
	EndGlobalSection
EndGlobal
